
Microsoft Visual Studio Solution File, Format Version 12.00
# Visual Studio Version 16
VisualStudioVersion = 16.0.31105.61
MinimumVisualStudioVersion = 10.0.40219.1
Project("{FAE04EC0-301F-11D3-BF4B-00C04F79EFBC}") = "vezhba4", "vezhba4\vezhba4.csproj", "{096386FD-E271-4DAA-8D38-0439DC207CAE}"
EndProject
Global
	GlobalSection(SolutionConfigurationPlatforms) = preSolution
		Debug|Any CPU = Debug|Any CPU
		Release|Any CPU = Release|Any CPU
	EndGlobalSection
	GlobalSection(ProjectConfigurationPlatforms) = postSolution
		{096386FD-E271-4DAA-8D38-0439DC207CAE}.Debug|Any CPU.ActiveCfg = Debug|Any CPU
		{096386FD-E271-4DAA-8D38-0439DC207CAE}.Debug|Any CPU.Build.0 = Debug|Any CPU
		{096386FD-E271-4DAA-8D38-0439DC207CAE}.Release|Any CPU.ActiveCfg = Release|Any CPU
		{096386FD-E271-4DAA-8D38-0439DC207CAE}.Release|Any CPU.Build.0 = Release|Any CPU
	EndGlobalSection
	GlobalSection(SolutionProperties) = preSolution
		HideSolutionNode = FALSE
	EndGlobalSection
	GlobalSection(ExtensibilityGlobals) = postSolution
		SolutionGuid = {8534A3C0-E6DB-4596-865F-2CA051FC3793}
	EndGlobalSection
EndGlobal
