
Microsoft Visual Studio Solution File, Format Version 12.00
# Visual Studio Version 16
VisualStudioVersion = 16.0.31105.61
MinimumVisualStudioVersion = 10.0.40219.1
Project("{FAE04EC0-301F-11D3-BF4B-00C04F79EFBC}") = "vezhba6", "vezhba6\vezhba6.csproj", "{7D9D60CA-9CCC-40BF-B61E-D85BC5B114BD}"
EndProject
Global
	GlobalSection(SolutionConfigurationPlatforms) = preSolution
		Debug|Any CPU = Debug|Any CPU
		Release|Any CPU = Release|Any CPU
	EndGlobalSection
	GlobalSection(ProjectConfigurationPlatforms) = postSolution
		{7D9D60CA-9CCC-40BF-B61E-D85BC5B114BD}.Debug|Any CPU.ActiveCfg = Debug|Any CPU
		{7D9D60CA-9CCC-40BF-B61E-D85BC5B114BD}.Debug|Any CPU.Build.0 = Debug|Any CPU
		{7D9D60CA-9CCC-40BF-B61E-D85BC5B114BD}.Release|Any CPU.ActiveCfg = Release|Any CPU
		{7D9D60CA-9CCC-40BF-B61E-D85BC5B114BD}.Release|Any CPU.Build.0 = Release|Any CPU
	EndGlobalSection
	GlobalSection(SolutionProperties) = preSolution
		HideSolutionNode = FALSE
	EndGlobalSection
	GlobalSection(ExtensibilityGlobals) = postSolution
		SolutionGuid = {9E5CDEB5-8347-4251-B2B7-4915E76B7D64}
	EndGlobalSection
EndGlobal
