
Microsoft Visual Studio Solution File, Format Version 12.00
# Visual Studio Version 16
VisualStudioVersion = 16.0.31105.61
MinimumVisualStudioVersion = 10.0.40219.1
Project("{FAE04EC0-301F-11D3-BF4B-00C04F79EFBC}") = "vezhba3", "vezhba3\vezhba3.csproj", "{2FC7EDE5-FBCD-4107-BD03-E90E3BA3A7D4}"
EndProject
Global
	GlobalSection(SolutionConfigurationPlatforms) = preSolution
		Debug|Any CPU = Debug|Any CPU
		Release|Any CPU = Release|Any CPU
	EndGlobalSection
	GlobalSection(ProjectConfigurationPlatforms) = postSolution
		{2FC7EDE5-FBCD-4107-BD03-E90E3BA3A7D4}.Debug|Any CPU.ActiveCfg = Debug|Any CPU
		{2FC7EDE5-FBCD-4107-BD03-E90E3BA3A7D4}.Debug|Any CPU.Build.0 = Debug|Any CPU
		{2FC7EDE5-FBCD-4107-BD03-E90E3BA3A7D4}.Release|Any CPU.ActiveCfg = Release|Any CPU
		{2FC7EDE5-FBCD-4107-BD03-E90E3BA3A7D4}.Release|Any CPU.Build.0 = Release|Any CPU
	EndGlobalSection
	GlobalSection(SolutionProperties) = preSolution
		HideSolutionNode = FALSE
	EndGlobalSection
	GlobalSection(ExtensibilityGlobals) = postSolution
		SolutionGuid = {94A9846E-615F-4A62-AB43-7254E3BA692C}
	EndGlobalSection
EndGlobal
